
Microsoft Visual Studio Solution File, Format Version 12.00
# Visual Studio 15
VisualStudioVersion = 15.0.28010.2048
MinimumVisualStudioVersion = 10.0.40219.1
Project("{FAE04EC0-301F-11D3-BF4B-00C04F79EFBC}") = "01LoginAndOut", "01LoginAndOut\01LoginAndOut.csproj", "{40A59B02-378A-4EF3-BF0B-AF1C72FA528A}"
EndProject
Project("{FAE04EC0-301F-11D3-BF4B-00C04F79EFBC}") = "02ddd_demo", "02ddd_demo\02ddd_demo.csproj", "{5805D66D-9C35-4A36-8650-FFA57E52F4C5}"
EndProject
Project("{FAE04EC0-301F-11D3-BF4B-00C04F79EFBC}") = "03reflection", "03reflection\03reflection.csproj", "{A40C7C5B-EDD9-40F7-98BB-2E31722AC1C2}"
EndProject
Project("{FAE04EC0-301F-11D3-BF4B-00C04F79EFBC}") = "04UnitTest", "04UnitTest\04UnitTest.csproj", "{FAC3CD9B-8BE2-478D-BB50-CDD1ED112411}"
EndProject
Project("{FAE04EC0-301F-11D3-BF4B-00C04F79EFBC}") = "05Delegate", "05Delegate\05Delegate.csproj", "{EB632E2E-80BD-4688-B736-B701ACAAA8C3}"
EndProject
Project("{FAE04EC0-301F-11D3-BF4B-00C04F79EFBC}") = "06Inteface", "06Inteface\06Inteface.csproj", "{EAEB1801-ABCE-4E8A-A69C-B4424CA62625}"
EndProject
Project("{FAE04EC0-301F-11D3-BF4B-00C04F79EFBC}") = "07Struct", "07Struct\07Struct.csproj", "{24A0C6B7-3C34-4FD1-85C6-57EC35C64330}"
EndProject
Project("{FAE04EC0-301F-11D3-BF4B-00C04F79EFBC}") = "08Array", "08Array\08Array.csproj", "{6283B267-1423-4DF3-B37D-1C0140C7EBAB}"
EndProject
Project("{FAE04EC0-301F-11D3-BF4B-00C04F79EFBC}") = "09Nullable", "09Nullable\09Nullable.csproj", "{ADF71E12-BA26-4D03-A88B-956F7733D988}"
EndProject
Project("{FAE04EC0-301F-11D3-BF4B-00C04F79EFBC}") = "10Appdomain", "10Appdomain\10Appdomain.csproj", "{5E31DC26-C9DA-4176-9845-9C787FD57F5A}"
EndProject
Project("{FAE04EC0-301F-11D3-BF4B-00C04F79EFBC}") = "12Reflection", "12Reflection\12Reflection.csproj", "{4642B4BF-1034-4392-878F-8930E3089F36}"
EndProject
Project("{FAE04EC0-301F-11D3-BF4B-00C04F79EFBC}") = "LibLoad", "LibLoad\LibLoad.csproj", "{ED9A0F40-8D45-4BB9-9910-859D3652AD00}"
EndProject
Project("{FAE04EC0-301F-11D3-BF4B-00C04F79EFBC}") = "11HotPlug", "11HotPlug\11HotPlug.csproj", "{EB48047A-A2ED-4D7B-B9BB-C82A1D31FD90}"
EndProject
Global
	GlobalSection(SolutionConfigurationPlatforms) = preSolution
		Debug|Any CPU = Debug|Any CPU
		Release|Any CPU = Release|Any CPU
	EndGlobalSection
	GlobalSection(ProjectConfigurationPlatforms) = postSolution
		{40A59B02-378A-4EF3-BF0B-AF1C72FA528A}.Debug|Any CPU.ActiveCfg = Debug|Any CPU
		{40A59B02-378A-4EF3-BF0B-AF1C72FA528A}.Debug|Any CPU.Build.0 = Debug|Any CPU
		{40A59B02-378A-4EF3-BF0B-AF1C72FA528A}.Release|Any CPU.ActiveCfg = Release|Any CPU
		{40A59B02-378A-4EF3-BF0B-AF1C72FA528A}.Release|Any CPU.Build.0 = Release|Any CPU
		{5805D66D-9C35-4A36-8650-FFA57E52F4C5}.Debug|Any CPU.ActiveCfg = Debug|Any CPU
		{5805D66D-9C35-4A36-8650-FFA57E52F4C5}.Debug|Any CPU.Build.0 = Debug|Any CPU
		{5805D66D-9C35-4A36-8650-FFA57E52F4C5}.Release|Any CPU.ActiveCfg = Release|Any CPU
		{5805D66D-9C35-4A36-8650-FFA57E52F4C5}.Release|Any CPU.Build.0 = Release|Any CPU
		{A40C7C5B-EDD9-40F7-98BB-2E31722AC1C2}.Debug|Any CPU.ActiveCfg = Debug|Any CPU
		{A40C7C5B-EDD9-40F7-98BB-2E31722AC1C2}.Debug|Any CPU.Build.0 = Debug|Any CPU
		{A40C7C5B-EDD9-40F7-98BB-2E31722AC1C2}.Release|Any CPU.ActiveCfg = Release|Any CPU
		{A40C7C5B-EDD9-40F7-98BB-2E31722AC1C2}.Release|Any CPU.Build.0 = Release|Any CPU
		{FAC3CD9B-8BE2-478D-BB50-CDD1ED112411}.Debug|Any CPU.ActiveCfg = Debug|Any CPU
		{FAC3CD9B-8BE2-478D-BB50-CDD1ED112411}.Debug|Any CPU.Build.0 = Debug|Any CPU
		{FAC3CD9B-8BE2-478D-BB50-CDD1ED112411}.Release|Any CPU.ActiveCfg = Release|Any CPU
		{FAC3CD9B-8BE2-478D-BB50-CDD1ED112411}.Release|Any CPU.Build.0 = Release|Any CPU
		{EB632E2E-80BD-4688-B736-B701ACAAA8C3}.Debug|Any CPU.ActiveCfg = Debug|Any CPU
		{EB632E2E-80BD-4688-B736-B701ACAAA8C3}.Debug|Any CPU.Build.0 = Debug|Any CPU
		{EB632E2E-80BD-4688-B736-B701ACAAA8C3}.Release|Any CPU.ActiveCfg = Release|Any CPU
		{EB632E2E-80BD-4688-B736-B701ACAAA8C3}.Release|Any CPU.Build.0 = Release|Any CPU
		{EAEB1801-ABCE-4E8A-A69C-B4424CA62625}.Debug|Any CPU.ActiveCfg = Debug|Any CPU
		{EAEB1801-ABCE-4E8A-A69C-B4424CA62625}.Debug|Any CPU.Build.0 = Debug|Any CPU
		{EAEB1801-ABCE-4E8A-A69C-B4424CA62625}.Release|Any CPU.ActiveCfg = Release|Any CPU
		{EAEB1801-ABCE-4E8A-A69C-B4424CA62625}.Release|Any CPU.Build.0 = Release|Any CPU
		{24A0C6B7-3C34-4FD1-85C6-57EC35C64330}.Debug|Any CPU.ActiveCfg = Debug|Any CPU
		{24A0C6B7-3C34-4FD1-85C6-57EC35C64330}.Debug|Any CPU.Build.0 = Debug|Any CPU
		{24A0C6B7-3C34-4FD1-85C6-57EC35C64330}.Release|Any CPU.ActiveCfg = Release|Any CPU
		{24A0C6B7-3C34-4FD1-85C6-57EC35C64330}.Release|Any CPU.Build.0 = Release|Any CPU
		{6283B267-1423-4DF3-B37D-1C0140C7EBAB}.Debug|Any CPU.ActiveCfg = Debug|Any CPU
		{6283B267-1423-4DF3-B37D-1C0140C7EBAB}.Debug|Any CPU.Build.0 = Debug|Any CPU
		{6283B267-1423-4DF3-B37D-1C0140C7EBAB}.Release|Any CPU.ActiveCfg = Release|Any CPU
		{6283B267-1423-4DF3-B37D-1C0140C7EBAB}.Release|Any CPU.Build.0 = Release|Any CPU
		{ADF71E12-BA26-4D03-A88B-956F7733D988}.Debug|Any CPU.ActiveCfg = Debug|Any CPU
		{ADF71E12-BA26-4D03-A88B-956F7733D988}.Debug|Any CPU.Build.0 = Debug|Any CPU
		{ADF71E12-BA26-4D03-A88B-956F7733D988}.Release|Any CPU.ActiveCfg = Release|Any CPU
		{ADF71E12-BA26-4D03-A88B-956F7733D988}.Release|Any CPU.Build.0 = Release|Any CPU
		{5E31DC26-C9DA-4176-9845-9C787FD57F5A}.Debug|Any CPU.ActiveCfg = Debug|Any CPU
		{5E31DC26-C9DA-4176-9845-9C787FD57F5A}.Debug|Any CPU.Build.0 = Debug|Any CPU
		{5E31DC26-C9DA-4176-9845-9C787FD57F5A}.Release|Any CPU.ActiveCfg = Release|Any CPU
		{5E31DC26-C9DA-4176-9845-9C787FD57F5A}.Release|Any CPU.Build.0 = Release|Any CPU
		{4642B4BF-1034-4392-878F-8930E3089F36}.Debug|Any CPU.ActiveCfg = Debug|Any CPU
		{4642B4BF-1034-4392-878F-8930E3089F36}.Debug|Any CPU.Build.0 = Debug|Any CPU
		{4642B4BF-1034-4392-878F-8930E3089F36}.Release|Any CPU.ActiveCfg = Release|Any CPU
		{4642B4BF-1034-4392-878F-8930E3089F36}.Release|Any CPU.Build.0 = Release|Any CPU
		{ED9A0F40-8D45-4BB9-9910-859D3652AD00}.Debug|Any CPU.ActiveCfg = Debug|Any CPU
		{ED9A0F40-8D45-4BB9-9910-859D3652AD00}.Debug|Any CPU.Build.0 = Debug|Any CPU
		{ED9A0F40-8D45-4BB9-9910-859D3652AD00}.Release|Any CPU.ActiveCfg = Release|Any CPU
		{ED9A0F40-8D45-4BB9-9910-859D3652AD00}.Release|Any CPU.Build.0 = Release|Any CPU
		{EB48047A-A2ED-4D7B-B9BB-C82A1D31FD90}.Debug|Any CPU.ActiveCfg = Debug|Any CPU
		{EB48047A-A2ED-4D7B-B9BB-C82A1D31FD90}.Debug|Any CPU.Build.0 = Debug|Any CPU
		{EB48047A-A2ED-4D7B-B9BB-C82A1D31FD90}.Release|Any CPU.ActiveCfg = Release|Any CPU
		{EB48047A-A2ED-4D7B-B9BB-C82A1D31FD90}.Release|Any CPU.Build.0 = Release|Any CPU
	EndGlobalSection
	GlobalSection(SolutionProperties) = preSolution
		HideSolutionNode = FALSE
	EndGlobalSection
	GlobalSection(ExtensibilityGlobals) = postSolution
		SolutionGuid = {3238A85B-A6CC-4F16-BA0C-A176F4A87575}
	EndGlobalSection
EndGlobal
