
Microsoft Visual Studio Solution File, Format Version 12.00
# Visual Studio 15
VisualStudioVersion = 15.0.28010.2048
MinimumVisualStudioVersion = 10.0.40219.1
Project("{FAE04EC0-301F-11D3-BF4B-00C04F79EFBC}") = "01LoginAndOut", "01LoginAndOut\01LoginAndOut.csproj", "{40A59B02-378A-4EF3-BF0B-AF1C72FA528A}"
EndProject
Project("{FAE04EC0-301F-11D3-BF4B-00C04F79EFBC}") = "02ddd_demo", "02ddd_demo\02ddd_demo.csproj", "{5805D66D-9C35-4A36-8650-FFA57E52F4C5}"
EndProject
Project("{FAE04EC0-301F-11D3-BF4B-00C04F79EFBC}") = "03reflection", "03reflection\03reflection.csproj", "{A40C7C5B-EDD9-40F7-98BB-2E31722AC1C2}"
EndProject
Project("{FAE04EC0-301F-11D3-BF4B-00C04F79EFBC}") = "04UnitTest", "04UnitTest\04UnitTest.csproj", "{FAC3CD9B-8BE2-478D-BB50-CDD1ED112411}"
EndProject
Project("{FAE04EC0-301F-11D3-BF4B-00C04F79EFBC}") = "05Delegate", "05Delegate\05Delegate.csproj", "{EB632E2E-80BD-4688-B736-B701ACAAA8C3}"
EndProject
Global
	GlobalSection(SolutionConfigurationPlatforms) = preSolution
		Debug|Any CPU = Debug|Any CPU
		Release|Any CPU = Release|Any CPU
	EndGlobalSection
	GlobalSection(ProjectConfigurationPlatforms) = postSolution
		{40A59B02-378A-4EF3-BF0B-AF1C72FA528A}.Debug|Any CPU.ActiveCfg = Debug|Any CPU
		{40A59B02-378A-4EF3-BF0B-AF1C72FA528A}.Debug|Any CPU.Build.0 = Debug|Any CPU
		{40A59B02-378A-4EF3-BF0B-AF1C72FA528A}.Release|Any CPU.ActiveCfg = Release|Any CPU
		{40A59B02-378A-4EF3-BF0B-AF1C72FA528A}.Release|Any CPU.Build.0 = Release|Any CPU
		{5805D66D-9C35-4A36-8650-FFA57E52F4C5}.Debug|Any CPU.ActiveCfg = Debug|Any CPU
		{5805D66D-9C35-4A36-8650-FFA57E52F4C5}.Debug|Any CPU.Build.0 = Debug|Any CPU
		{5805D66D-9C35-4A36-8650-FFA57E52F4C5}.Release|Any CPU.ActiveCfg = Release|Any CPU
		{5805D66D-9C35-4A36-8650-FFA57E52F4C5}.Release|Any CPU.Build.0 = Release|Any CPU
		{A40C7C5B-EDD9-40F7-98BB-2E31722AC1C2}.Debug|Any CPU.ActiveCfg = Debug|Any CPU
		{A40C7C5B-EDD9-40F7-98BB-2E31722AC1C2}.Debug|Any CPU.Build.0 = Debug|Any CPU
		{A40C7C5B-EDD9-40F7-98BB-2E31722AC1C2}.Release|Any CPU.ActiveCfg = Release|Any CPU
		{A40C7C5B-EDD9-40F7-98BB-2E31722AC1C2}.Release|Any CPU.Build.0 = Release|Any CPU
		{FAC3CD9B-8BE2-478D-BB50-CDD1ED112411}.Debug|Any CPU.ActiveCfg = Debug|Any CPU
		{FAC3CD9B-8BE2-478D-BB50-CDD1ED112411}.Debug|Any CPU.Build.0 = Debug|Any CPU
		{FAC3CD9B-8BE2-478D-BB50-CDD1ED112411}.Release|Any CPU.ActiveCfg = Release|Any CPU
		{FAC3CD9B-8BE2-478D-BB50-CDD1ED112411}.Release|Any CPU.Build.0 = Release|Any CPU
		{EB632E2E-80BD-4688-B736-B701ACAAA8C3}.Debug|Any CPU.ActiveCfg = Debug|Any CPU
		{EB632E2E-80BD-4688-B736-B701ACAAA8C3}.Debug|Any CPU.Build.0 = Debug|Any CPU
		{EB632E2E-80BD-4688-B736-B701ACAAA8C3}.Release|Any CPU.ActiveCfg = Release|Any CPU
		{EB632E2E-80BD-4688-B736-B701ACAAA8C3}.Release|Any CPU.Build.0 = Release|Any CPU
	EndGlobalSection
	GlobalSection(SolutionProperties) = preSolution
		HideSolutionNode = FALSE
	EndGlobalSection
	GlobalSection(ExtensibilityGlobals) = postSolution
		SolutionGuid = {3238A85B-A6CC-4F16-BA0C-A176F4A87575}
	EndGlobalSection
EndGlobal
